
Microsoft Visual Studio Solution File, Format Version 12.00
# Visual Studio Version 16
VisualStudioVersion = 16.0.29806.167
MinimumVisualStudioVersion = 10.0.40219.1
Project("{FAE04EC0-301F-11D3-BF4B-00C04F79EFBC}") = "ApiVersionMultiWithDoc", "ApiVersionMultiWithDoc\ApiVersionMultiWithDoc.csproj", "{C7E981F1-9CA2-428D-B2BD-13F5872C7A74}"
EndProject
Global
	GlobalSection(SolutionConfigurationPlatforms) = preSolution
		Debug|Any CPU = Debug|Any CPU
		Release|Any CPU = Release|Any CPU
	EndGlobalSection
	GlobalSection(ProjectConfigurationPlatforms) = postSolution
		{C7E981F1-9CA2-428D-B2BD-13F5872C7A74}.Debug|Any CPU.ActiveCfg = Debug|Any CPU
		{C7E981F1-9CA2-428D-B2BD-13F5872C7A74}.Debug|Any CPU.Build.0 = Debug|Any CPU
		{C7E981F1-9CA2-428D-B2BD-13F5872C7A74}.Release|Any CPU.ActiveCfg = Release|Any CPU
		{C7E981F1-9CA2-428D-B2BD-13F5872C7A74}.Release|Any CPU.Build.0 = Release|Any CPU
	EndGlobalSection
	GlobalSection(SolutionProperties) = preSolution
		HideSolutionNode = FALSE
	EndGlobalSection
	GlobalSection(ExtensibilityGlobals) = postSolution
		SolutionGuid = {1B242FAA-6C8A-440A-AA6A-6466CDF09DA2}
	EndGlobalSection
EndGlobal
